
Microsoft Visual Studio Solution File, Format Version 12.00
# Visual Studio Version 17
VisualStudioVersion = 17.1.32421.90
MinimumVisualStudioVersion = 10.0.40219.1
Project("{FAE04EC0-301F-11D3-BF4B-00C04F79EFBC}") = "TestApp NET46", "TestApp NET46\TestApp NET46.csproj", "{E10EC57C-3186-4C3C-9887-F6D1E3EF163E}"
EndProject
Project("{9A19103F-16F7-4668-BE54-9A1E7A4F7556}") = "TestApp Core22", "TestApp Core22\TestApp Core22.csproj", "{3C99FE17-7BF8-4EBF-9592-015CC2D1FBF6}"
EndProject
Project("{2150E333-8FDC-42A3-9474-1A3956D46DE8}") = "Solution Items", "Solution Items", "{F293C5A4-07AD-437D-827B-753594B6D3E4}"
	ProjectSection(SolutionItems) = preProject
		RxSocket.nuspec = RxSocket.nuspec
	EndProjectSection
EndProject
Project("{9A19103F-16F7-4668-BE54-9A1E7A4F7556}") = "RxSocket", "RxSocket\RxSocket.csproj", "{9744014D-5066-496D-9F0B-54BE5A56BB30}"
EndProject
Project("{9A19103F-16F7-4668-BE54-9A1E7A4F7556}") = "TestApp Core30", "TestApp Core30\TestApp Core30.csproj", "{7C96619B-A500-497E-9FE5-BD1BEB1ECAB4}"
EndProject
Global
	GlobalSection(SolutionConfigurationPlatforms) = preSolution
		Debug|Any CPU = Debug|Any CPU
		Release|Any CPU = Release|Any CPU
	EndGlobalSection
	GlobalSection(ProjectConfigurationPlatforms) = postSolution
		{E10EC57C-3186-4C3C-9887-F6D1E3EF163E}.Debug|Any CPU.ActiveCfg = Debug|Any CPU
		{E10EC57C-3186-4C3C-9887-F6D1E3EF163E}.Debug|Any CPU.Build.0 = Debug|Any CPU
		{E10EC57C-3186-4C3C-9887-F6D1E3EF163E}.Release|Any CPU.ActiveCfg = Release|Any CPU
		{3C99FE17-7BF8-4EBF-9592-015CC2D1FBF6}.Debug|Any CPU.ActiveCfg = Debug|Any CPU
		{3C99FE17-7BF8-4EBF-9592-015CC2D1FBF6}.Debug|Any CPU.Build.0 = Debug|Any CPU
		{3C99FE17-7BF8-4EBF-9592-015CC2D1FBF6}.Release|Any CPU.ActiveCfg = Release|Any CPU
		{9744014D-5066-496D-9F0B-54BE5A56BB30}.Debug|Any CPU.ActiveCfg = Debug|Any CPU
		{9744014D-5066-496D-9F0B-54BE5A56BB30}.Debug|Any CPU.Build.0 = Debug|Any CPU
		{9744014D-5066-496D-9F0B-54BE5A56BB30}.Release|Any CPU.ActiveCfg = Release|Any CPU
		{9744014D-5066-496D-9F0B-54BE5A56BB30}.Release|Any CPU.Build.0 = Release|Any CPU
		{7C96619B-A500-497E-9FE5-BD1BEB1ECAB4}.Debug|Any CPU.ActiveCfg = Debug|Any CPU
		{7C96619B-A500-497E-9FE5-BD1BEB1ECAB4}.Debug|Any CPU.Build.0 = Debug|Any CPU
		{7C96619B-A500-497E-9FE5-BD1BEB1ECAB4}.Release|Any CPU.ActiveCfg = Release|Any CPU
		{7C96619B-A500-497E-9FE5-BD1BEB1ECAB4}.Release|Any CPU.Build.0 = Release|Any CPU
	EndGlobalSection
	GlobalSection(SolutionProperties) = preSolution
		HideSolutionNode = FALSE
	EndGlobalSection
	GlobalSection(ExtensibilityGlobals) = postSolution
		SolutionGuid = {854A9E33-8685-46AA-89D2-08B2D2600324}
	EndGlobalSection
EndGlobal
